
Microsoft Visual Studio Solution File, Format Version 12.00
# Visual Studio 15
VisualStudioVersion = 15.0.27004.2006
MinimumVisualStudioVersion = 10.0.40219.1
Project("{FAE04EC0-301F-11D3-BF4B-00C04F79EFBC}") = "FactoryPatternLib", "FactoryPatternLib\FactoryPatternLib.csproj", "{0EACD2F2-4BA8-48FC-A493-1CC2FA8F649C}"
EndProject
Project("{FAE04EC0-301F-11D3-BF4B-00C04F79EFBC}") = "FactoryPattern", "FactoryPattern\FactoryPattern.csproj", "{545494FB-2DC1-4080-831B-370BAB2656D4}"
EndProject
Global
	GlobalSection(SolutionConfigurationPlatforms) = preSolution
		Debug|Any CPU = Debug|Any CPU
		Release|Any CPU = Release|Any CPU
	EndGlobalSection
	GlobalSection(ProjectConfigurationPlatforms) = postSolution
		{0EACD2F2-4BA8-48FC-A493-1CC2FA8F649C}.Debug|Any CPU.ActiveCfg = Debug|Any CPU
		{0EACD2F2-4BA8-48FC-A493-1CC2FA8F649C}.Debug|Any CPU.Build.0 = Debug|Any CPU
		{0EACD2F2-4BA8-48FC-A493-1CC2FA8F649C}.Release|Any CPU.ActiveCfg = Release|Any CPU
		{0EACD2F2-4BA8-48FC-A493-1CC2FA8F649C}.Release|Any CPU.Build.0 = Release|Any CPU
		{545494FB-2DC1-4080-831B-370BAB2656D4}.Debug|Any CPU.ActiveCfg = Debug|Any CPU
		{545494FB-2DC1-4080-831B-370BAB2656D4}.Debug|Any CPU.Build.0 = Debug|Any CPU
		{545494FB-2DC1-4080-831B-370BAB2656D4}.Release|Any CPU.ActiveCfg = Release|Any CPU
		{545494FB-2DC1-4080-831B-370BAB2656D4}.Release|Any CPU.Build.0 = Release|Any CPU
	EndGlobalSection
	GlobalSection(SolutionProperties) = preSolution
		HideSolutionNode = FALSE
	EndGlobalSection
	GlobalSection(ExtensibilityGlobals) = postSolution
		SolutionGuid = {C74ABE7D-0A18-45C6-AE05-9BE31034DB1F}
	EndGlobalSection
EndGlobal
